
Microsoft Visual Studio Solution File, Format Version 12.00
# Visual Studio 15
VisualStudioVersion = 15.0.26124.0
MinimumVisualStudioVersion = 15.0.26124.0
Project("{FAE04EC0-301F-11D3-BF4B-00C04F79EFBC}") = "AdventOfCode.2020.Puzzles", "AdventOfCode.2020.Puzzles\AdventOfCode.2020.Puzzles.csproj", "{D2A28D65-7E2D-46E2-8998-71D4359FB8E0}"
EndProject
Project("{FAE04EC0-301F-11D3-BF4B-00C04F79EFBC}") = "AdventOfCode.2020.Web", "AdventOfCode.2020.Web\AdventOfCode.2020.Web.csproj", "{8491A9A9-80ED-4581-B770-749AC747F333}"
EndProject
Project("{FAE04EC0-301F-11D3-BF4B-00C04F79EFBC}") = "AdventOfCode.2020.Console", "AdventOfCode.2020.Console\AdventOfCode.2020.Console.csproj", "{3357A4F0-2CB2-4F32-A4FF-30CDAB76CAC0}"
EndProject
Project("{FAE04EC0-301F-11D3-BF4B-00C04F79EFBC}") = "AdventOfCode.2020.Puzzles.Test", "AdventOfCode.2020.Puzzles.Test\AdventOfCode.2020.Puzzles.Test.csproj", "{2260287E-437B-45F8-B078-4A5E14C16074}"
EndProject
Project("{2150E333-8FDC-42A3-9474-1A3956D46DE8}") = "Solution Items", "Solution Items", "{648E00F6-139D-4B10-A216-98A2F8694C9E}"
	ProjectSection(SolutionItems) = preProject
		.gitignore = .gitignore
		LICENSE = LICENSE
		README.md = README.md
	EndProjectSection
EndProject
Project("{2150E333-8FDC-42A3-9474-1A3956D46DE8}") = ".github", ".github", "{39EF490F-1A8D-46A6-BCED-B2BF20F1814B}"
EndProject
Project("{2150E333-8FDC-42A3-9474-1A3956D46DE8}") = "workflows", "workflows", "{2F98CCA3-8923-4C3C-B8B9-A4F83EC8DA61}"
	ProjectSection(SolutionItems) = preProject
		.github\workflows\github-pages.yml = .github\workflows\github-pages.yml
	EndProjectSection
EndProject
Global
	GlobalSection(SolutionConfigurationPlatforms) = preSolution
		Debug|Any CPU = Debug|Any CPU
		Debug|x64 = Debug|x64
		Debug|x86 = Debug|x86
		Release|Any CPU = Release|Any CPU
		Release|x64 = Release|x64
		Release|x86 = Release|x86
	EndGlobalSection
	GlobalSection(SolutionProperties) = preSolution
		HideSolutionNode = FALSE
	EndGlobalSection
	GlobalSection(ProjectConfigurationPlatforms) = postSolution
		{D2A28D65-7E2D-46E2-8998-71D4359FB8E0}.Debug|Any CPU.ActiveCfg = Debug|Any CPU
		{D2A28D65-7E2D-46E2-8998-71D4359FB8E0}.Debug|Any CPU.Build.0 = Debug|Any CPU
		{D2A28D65-7E2D-46E2-8998-71D4359FB8E0}.Debug|x64.ActiveCfg = Debug|Any CPU
		{D2A28D65-7E2D-46E2-8998-71D4359FB8E0}.Debug|x64.Build.0 = Debug|Any CPU
		{D2A28D65-7E2D-46E2-8998-71D4359FB8E0}.Debug|x86.ActiveCfg = Debug|Any CPU
		{D2A28D65-7E2D-46E2-8998-71D4359FB8E0}.Debug|x86.Build.0 = Debug|Any CPU
		{D2A28D65-7E2D-46E2-8998-71D4359FB8E0}.Release|Any CPU.ActiveCfg = Release|Any CPU
		{D2A28D65-7E2D-46E2-8998-71D4359FB8E0}.Release|Any CPU.Build.0 = Release|Any CPU
		{D2A28D65-7E2D-46E2-8998-71D4359FB8E0}.Release|x64.ActiveCfg = Release|Any CPU
		{D2A28D65-7E2D-46E2-8998-71D4359FB8E0}.Release|x64.Build.0 = Release|Any CPU
		{D2A28D65-7E2D-46E2-8998-71D4359FB8E0}.Release|x86.ActiveCfg = Release|Any CPU
		{D2A28D65-7E2D-46E2-8998-71D4359FB8E0}.Release|x86.Build.0 = Release|Any CPU
		{8491A9A9-80ED-4581-B770-749AC747F333}.Debug|Any CPU.ActiveCfg = Debug|Any CPU
		{8491A9A9-80ED-4581-B770-749AC747F333}.Debug|Any CPU.Build.0 = Debug|Any CPU
		{8491A9A9-80ED-4581-B770-749AC747F333}.Debug|x64.ActiveCfg = Debug|Any CPU
		{8491A9A9-80ED-4581-B770-749AC747F333}.Debug|x64.Build.0 = Debug|Any CPU
		{8491A9A9-80ED-4581-B770-749AC747F333}.Debug|x86.ActiveCfg = Debug|Any CPU
		{8491A9A9-80ED-4581-B770-749AC747F333}.Debug|x86.Build.0 = Debug|Any CPU
		{8491A9A9-80ED-4581-B770-749AC747F333}.Release|Any CPU.ActiveCfg = Release|Any CPU
		{8491A9A9-80ED-4581-B770-749AC747F333}.Release|Any CPU.Build.0 = Release|Any CPU
		{8491A9A9-80ED-4581-B770-749AC747F333}.Release|x64.ActiveCfg = Release|Any CPU
		{8491A9A9-80ED-4581-B770-749AC747F333}.Release|x64.Build.0 = Release|Any CPU
		{8491A9A9-80ED-4581-B770-749AC747F333}.Release|x86.ActiveCfg = Release|Any CPU
		{8491A9A9-80ED-4581-B770-749AC747F333}.Release|x86.Build.0 = Release|Any CPU
		{3357A4F0-2CB2-4F32-A4FF-30CDAB76CAC0}.Debug|Any CPU.ActiveCfg = Debug|Any CPU
		{3357A4F0-2CB2-4F32-A4FF-30CDAB76CAC0}.Debug|Any CPU.Build.0 = Debug|Any CPU
		{3357A4F0-2CB2-4F32-A4FF-30CDAB76CAC0}.Debug|x64.ActiveCfg = Debug|Any CPU
		{3357A4F0-2CB2-4F32-A4FF-30CDAB76CAC0}.Debug|x64.Build.0 = Debug|Any CPU
		{3357A4F0-2CB2-4F32-A4FF-30CDAB76CAC0}.Debug|x86.ActiveCfg = Debug|Any CPU
		{3357A4F0-2CB2-4F32-A4FF-30CDAB76CAC0}.Debug|x86.Build.0 = Debug|Any CPU
		{3357A4F0-2CB2-4F32-A4FF-30CDAB76CAC0}.Release|Any CPU.ActiveCfg = Release|Any CPU
		{3357A4F0-2CB2-4F32-A4FF-30CDAB76CAC0}.Release|Any CPU.Build.0 = Release|Any CPU
		{3357A4F0-2CB2-4F32-A4FF-30CDAB76CAC0}.Release|x64.ActiveCfg = Release|Any CPU
		{3357A4F0-2CB2-4F32-A4FF-30CDAB76CAC0}.Release|x64.Build.0 = Release|Any CPU
		{3357A4F0-2CB2-4F32-A4FF-30CDAB76CAC0}.Release|x86.ActiveCfg = Release|Any CPU
		{3357A4F0-2CB2-4F32-A4FF-30CDAB76CAC0}.Release|x86.Build.0 = Release|Any CPU
		{2260287E-437B-45F8-B078-4A5E14C16074}.Debug|Any CPU.ActiveCfg = Debug|Any CPU
		{2260287E-437B-45F8-B078-4A5E14C16074}.Debug|Any CPU.Build.0 = Debug|Any CPU
		{2260287E-437B-45F8-B078-4A5E14C16074}.Debug|x64.ActiveCfg = Debug|Any CPU
		{2260287E-437B-45F8-B078-4A5E14C16074}.Debug|x64.Build.0 = Debug|Any CPU
		{2260287E-437B-45F8-B078-4A5E14C16074}.Debug|x86.ActiveCfg = Debug|Any CPU
		{2260287E-437B-45F8-B078-4A5E14C16074}.Debug|x86.Build.0 = Debug|Any CPU
		{2260287E-437B-45F8-B078-4A5E14C16074}.Release|Any CPU.ActiveCfg = Release|Any CPU
		{2260287E-437B-45F8-B078-4A5E14C16074}.Release|Any CPU.Build.0 = Release|Any CPU
		{2260287E-437B-45F8-B078-4A5E14C16074}.Release|x64.ActiveCfg = Release|Any CPU
		{2260287E-437B-45F8-B078-4A5E14C16074}.Release|x64.Build.0 = Release|Any CPU
		{2260287E-437B-45F8-B078-4A5E14C16074}.Release|x86.ActiveCfg = Release|Any CPU
		{2260287E-437B-45F8-B078-4A5E14C16074}.Release|x86.Build.0 = Release|Any CPU
	EndGlobalSection
	GlobalSection(NestedProjects) = preSolution
					{39EF490F-1A8D-46A6-BCED-B2BF20F1814B} = {648E00F6-139D-4B10-A216-98A2F8694C9E}
		{2F98CCA3-8923-4C3C-B8B9-A4F83EC8DA61} = {39EF490F-1A8D-46A6-BCED-B2BF20F1814B}
	EndGlobalSection
EndGlobal
